
Microsoft Visual Studio Solution File, Format Version 12.00
# Visual Studio Version 16
VisualStudioVersion = 16.0.30114.105
MinimumVisualStudioVersion = 10.0.40219.1
Project("{FAE04EC0-301F-11D3-BF4B-00C04F79EFBC}") = "API", "API\API.csproj", "{2598856E-A97D-4C99-8E60-D76D7998E175}"
EndProject
Project("{FAE04EC0-301F-11D3-BF4B-00C04F79EFBC}") = "Application", "Application\Application.csproj", "{8A0B686E-2EE8-489C-9124-FBE2F4F17DEE}"
EndProject
Project("{FAE04EC0-301F-11D3-BF4B-00C04F79EFBC}") = "Domain", "Domain\Domain.csproj", "{D0AFC3B9-E68F-4B2F-9D0E-35AA951D7B70}"
EndProject
Project("{FAE04EC0-301F-11D3-BF4B-00C04F79EFBC}") = "Persistence", "Persistence\Persistence.csproj", "{3B2E3DA2-BDA1-43DB-ACBA-866FA035707D}"
EndProject
Global
	GlobalSection(SolutionConfigurationPlatforms) = preSolution
		Debug|Any CPU = Debug|Any CPU
		Debug|x64 = Debug|x64
		Debug|x86 = Debug|x86
		Release|Any CPU = Release|Any CPU
		Release|x64 = Release|x64
		Release|x86 = Release|x86
	EndGlobalSection
	GlobalSection(SolutionProperties) = preSolution
		HideSolutionNode = FALSE
	EndGlobalSection
	GlobalSection(ProjectConfigurationPlatforms) = postSolution
		{2598856E-A97D-4C99-8E60-D76D7998E175}.Debug|Any CPU.ActiveCfg = Debug|Any CPU
		{2598856E-A97D-4C99-8E60-D76D7998E175}.Debug|Any CPU.Build.0 = Debug|Any CPU
		{2598856E-A97D-4C99-8E60-D76D7998E175}.Debug|x64.ActiveCfg = Debug|Any CPU
		{2598856E-A97D-4C99-8E60-D76D7998E175}.Debug|x64.Build.0 = Debug|Any CPU
		{2598856E-A97D-4C99-8E60-D76D7998E175}.Debug|x86.ActiveCfg = Debug|Any CPU
		{2598856E-A97D-4C99-8E60-D76D7998E175}.Debug|x86.Build.0 = Debug|Any CPU
		{2598856E-A97D-4C99-8E60-D76D7998E175}.Release|Any CPU.ActiveCfg = Release|Any CPU
		{2598856E-A97D-4C99-8E60-D76D7998E175}.Release|Any CPU.Build.0 = Release|Any CPU
		{2598856E-A97D-4C99-8E60-D76D7998E175}.Release|x64.ActiveCfg = Release|Any CPU
		{2598856E-A97D-4C99-8E60-D76D7998E175}.Release|x64.Build.0 = Release|Any CPU
		{2598856E-A97D-4C99-8E60-D76D7998E175}.Release|x86.ActiveCfg = Release|Any CPU
		{2598856E-A97D-4C99-8E60-D76D7998E175}.Release|x86.Build.0 = Release|Any CPU
		{8A0B686E-2EE8-489C-9124-FBE2F4F17DEE}.Debug|Any CPU.ActiveCfg = Debug|Any CPU
		{8A0B686E-2EE8-489C-9124-FBE2F4F17DEE}.Debug|Any CPU.Build.0 = Debug|Any CPU
		{8A0B686E-2EE8-489C-9124-FBE2F4F17DEE}.Debug|x64.ActiveCfg = Debug|Any CPU
		{8A0B686E-2EE8-489C-9124-FBE2F4F17DEE}.Debug|x64.Build.0 = Debug|Any CPU
		{8A0B686E-2EE8-489C-9124-FBE2F4F17DEE}.Debug|x86.ActiveCfg = Debug|Any CPU
		{8A0B686E-2EE8-489C-9124-FBE2F4F17DEE}.Debug|x86.Build.0 = Debug|Any CPU
		{8A0B686E-2EE8-489C-9124-FBE2F4F17DEE}.Release|Any CPU.ActiveCfg = Release|Any CPU
		{8A0B686E-2EE8-489C-9124-FBE2F4F17DEE}.Release|Any CPU.Build.0 = Release|Any CPU
		{8A0B686E-2EE8-489C-9124-FBE2F4F17DEE}.Release|x64.ActiveCfg = Release|Any CPU
		{8A0B686E-2EE8-489C-9124-FBE2F4F17DEE}.Release|x64.Build.0 = Release|Any CPU
		{8A0B686E-2EE8-489C-9124-FBE2F4F17DEE}.Release|x86.ActiveCfg = Release|Any CPU
		{8A0B686E-2EE8-489C-9124-FBE2F4F17DEE}.Release|x86.Build.0 = Release|Any CPU
		{D0AFC3B9-E68F-4B2F-9D0E-35AA951D7B70}.Debug|Any CPU.ActiveCfg = Debug|Any CPU
		{D0AFC3B9-E68F-4B2F-9D0E-35AA951D7B70}.Debug|Any CPU.Build.0 = Debug|Any CPU
		{D0AFC3B9-E68F-4B2F-9D0E-35AA951D7B70}.Debug|x64.ActiveCfg = Debug|Any CPU
		{D0AFC3B9-E68F-4B2F-9D0E-35AA951D7B70}.Debug|x64.Build.0 = Debug|Any CPU
		{D0AFC3B9-E68F-4B2F-9D0E-35AA951D7B70}.Debug|x86.ActiveCfg = Debug|Any CPU
		{D0AFC3B9-E68F-4B2F-9D0E-35AA951D7B70}.Debug|x86.Build.0 = Debug|Any CPU
		{D0AFC3B9-E68F-4B2F-9D0E-35AA951D7B70}.Release|Any CPU.ActiveCfg = Release|Any CPU
		{D0AFC3B9-E68F-4B2F-9D0E-35AA951D7B70}.Release|Any CPU.Build.0 = Release|Any CPU
		{D0AFC3B9-E68F-4B2F-9D0E-35AA951D7B70}.Release|x64.ActiveCfg = Release|Any CPU
		{D0AFC3B9-E68F-4B2F-9D0E-35AA951D7B70}.Release|x64.Build.0 = Release|Any CPU
		{D0AFC3B9-E68F-4B2F-9D0E-35AA951D7B70}.Release|x86.ActiveCfg = Release|Any CPU
		{D0AFC3B9-E68F-4B2F-9D0E-35AA951D7B70}.Release|x86.Build.0 = Release|Any CPU
		{3B2E3DA2-BDA1-43DB-ACBA-866FA035707D}.Debug|Any CPU.ActiveCfg = Debug|Any CPU
		{3B2E3DA2-BDA1-43DB-ACBA-866FA035707D}.Debug|Any CPU.Build.0 = Debug|Any CPU
		{3B2E3DA2-BDA1-43DB-ACBA-866FA035707D}.Debug|x64.ActiveCfg = Debug|Any CPU
		{3B2E3DA2-BDA1-43DB-ACBA-866FA035707D}.Debug|x64.Build.0 = Debug|Any CPU
		{3B2E3DA2-BDA1-43DB-ACBA-866FA035707D}.Debug|x86.ActiveCfg = Debug|Any CPU
		{3B2E3DA2-BDA1-43DB-ACBA-866FA035707D}.Debug|x86.Build.0 = Debug|Any CPU
		{3B2E3DA2-BDA1-43DB-ACBA-866FA035707D}.Release|Any CPU.ActiveCfg = Release|Any CPU
		{3B2E3DA2-BDA1-43DB-ACBA-866FA035707D}.Release|Any CPU.Build.0 = Release|Any CPU
		{3B2E3DA2-BDA1-43DB-ACBA-866FA035707D}.Release|x64.ActiveCfg = Release|Any CPU
		{3B2E3DA2-BDA1-43DB-ACBA-866FA035707D}.Release|x64.Build.0 = Release|Any CPU
		{3B2E3DA2-BDA1-43DB-ACBA-866FA035707D}.Release|x86.ActiveCfg = Release|Any CPU
		{3B2E3DA2-BDA1-43DB-ACBA-866FA035707D}.Release|x86.Build.0 = Release|Any CPU
	EndGlobalSection
EndGlobal
